{
  "version": 4,
  "terraform_version": "1.2.3",
  "serial": 25,
  "lineage": "5b1a55a1-af96-cba3-054a-42a95dd3f161",
  "outputs": {},
  "resources": [
    {
      "mode": "managed",
      "type": "azurerm_cosmosdb_account",
      "name": "dev",
      "provider": "provider[\"registry.terraform.io/hashicorp/azurerm\"]",
      "instances": [
        {
          "schema_version": 0,
          "attributes": {
            "analytical_storage_enabled": false,
            "capabilities": [],
            "connection_strings": [
              "AccountEndpoint=https://hr-dev.documents.azure.com:443/;AccountKey=FADpLyUffNKTZSz0s5bK9LTr9qYF9j6kh14gNb42HvyBrGziJlzAKeHb9aJqZxWoNTcMFqzabJEl91RFQjjFTw==;",
              "AccountEndpoint=https://hr-dev.documents.azure.com:443/;AccountKey=EiX1GZqC3CZJ7J0v5gukQ4wFK0Vke4HvK22M38sja4LWRzxSfa6WtP9EXQ05lC91CCnOvZP2YcdrkFYwbbJItw==;",
              "AccountEndpoint=https://hr-dev.documents.azure.com:443/;AccountKey=32q33zAONOCEIIqgc0iuGKyDZ7fdWw0P0fmtffXxQWOnIEE8xrItXmQn7i9OzWyY2beosceZWaChCmD9OWRUtg==;",
              "AccountEndpoint=https://hr-dev.documents.azure.com:443/;AccountKey=vpBhM4dXIi32DS883Y89sMCPzXUpA1WZiXSEobeeUQK0cwRw2qZrdFkGHMzDS0SQ1D1OidlzvPMx8aKb9vhdZw==;"
            ],
            "consistency_policy": [
              {
                "consistency_level": "BoundedStaleness",
                "max_interval_in_seconds": 10,
                "max_staleness_prefix": 200
              }
            ],
            "enable_automatic_failover": true,
            "enable_free_tier": false,
            "enable_multiple_write_locations": false,
            "endpoint": "https://hr-dev.documents.azure.com:443/",
            "geo_location": [
              {
                "failover_priority": 0,
                "id": "hr-dev-japaneast",
                "location": "japaneast",
                "prefix": "",
                "zone_redundant": false
              }
            ],
            "id": "/subscriptions/ae903ce3-6221-48e0-a5a2-ddea9fbf6162/resourceGroups/hr-dev/providers/Microsoft.DocumentDB/databaseAccounts/hr-dev",
            "ip_range_filter": "",
            "is_virtual_network_filter_enabled": false,
            "key_vault_key_id": null,
            "kind": "GlobalDocumentDB",
            "location": "japaneast",
            "name": "hr-dev",
            "offer_type": "Standard",
            "primary_key": "FADpLyUffNKTZSz0s5bK9LTr9qYF9j6kh14gNb42HvyBrGziJlzAKeHb9aJqZxWoNTcMFqzabJEl91RFQjjFTw==",
            "primary_master_key": "FADpLyUffNKTZSz0s5bK9LTr9qYF9j6kh14gNb42HvyBrGziJlzAKeHb9aJqZxWoNTcMFqzabJEl91RFQjjFTw==",
            "primary_readonly_key": "32q33zAONOCEIIqgc0iuGKyDZ7fdWw0P0fmtffXxQWOnIEE8xrItXmQn7i9OzWyY2beosceZWaChCmD9OWRUtg==",
            "primary_readonly_master_key": "32q33zAONOCEIIqgc0iuGKyDZ7fdWw0P0fmtffXxQWOnIEE8xrItXmQn7i9OzWyY2beosceZWaChCmD9OWRUtg==",
            "public_network_access_enabled": true,
            "read_endpoints": [
              "https://hr-dev-japaneast.documents.azure.com:443/"
            ],
            "resource_group_name": "hr-dev",
            "secondary_key": "EiX1GZqC3CZJ7J0v5gukQ4wFK0Vke4HvK22M38sja4LWRzxSfa6WtP9EXQ05lC91CCnOvZP2YcdrkFYwbbJItw==",
            "secondary_master_key": "EiX1GZqC3CZJ7J0v5gukQ4wFK0Vke4HvK22M38sja4LWRzxSfa6WtP9EXQ05lC91CCnOvZP2YcdrkFYwbbJItw==",
            "secondary_readonly_key": "vpBhM4dXIi32DS883Y89sMCPzXUpA1WZiXSEobeeUQK0cwRw2qZrdFkGHMzDS0SQ1D1OidlzvPMx8aKb9vhdZw==",
            "secondary_readonly_master_key": "vpBhM4dXIi32DS883Y89sMCPzXUpA1WZiXSEobeeUQK0cwRw2qZrdFkGHMzDS0SQ1D1OidlzvPMx8aKb9vhdZw==",
            "tags": {},
            "timeouts": null,
            "virtual_network_rule": [],
            "write_endpoints": [
              "https://hr-dev-japaneast.documents.azure.com:443/"
            ]
          },
          "sensitive_attributes": [],
          "private": "eyJlMmJmYjczMC1lY2FhLTExZTYtOGY4OC0zNDM2M2JjN2M0YzAiOnsiY3JlYXRlIjoxMDgwMDAwMDAwMDAwMCwiZGVsZXRlIjoxMDgwMDAwMDAwMDAwMCwicmVhZCI6MzAwMDAwMDAwMDAwLCJ1cGRhdGUiOjEwODAwMDAwMDAwMDAwfX0=",
          "dependencies": [
            "azurerm_resource_group.dev"
          ]
        }
      ]
    },
    {
      "mode": "managed",
      "type": "azurerm_resource_group",
      "name": "dev",
      "provider": "provider[\"registry.terraform.io/hashicorp/azurerm\"]",
      "instances": [
        {
          "schema_version": 0,
          "attributes": {
            "id": "/subscriptions/ae903ce3-6221-48e0-a5a2-ddea9fbf6162/resourceGroups/hr-dev",
            "location": "japaneast",
            "name": "hr-dev",
            "tags": {},
            "timeouts": null
          },
          "sensitive_attributes": [],
          "private": "eyJlMmJmYjczMC1lY2FhLTExZTYtOGY4OC0zNDM2M2JjN2M0YzAiOnsiY3JlYXRlIjo1NDAwMDAwMDAwMDAwLCJkZWxldGUiOjU0MDAwMDAwMDAwMDAsInJlYWQiOjMwMDAwMDAwMDAwMCwidXBkYXRlIjo1NDAwMDAwMDAwMDAwfX0="
        }
      ]
    }
  ]
}
