{
  "version": 4,
  "terraform_version": "1.2.3",
  "serial": 20,
  "lineage": "5b1a55a1-af96-cba3-054a-42a95dd3f161",
  "outputs": {},
  "resources": [
    {
      "mode": "managed",
      "type": "azurerm_app_service_plan",
      "name": "dev",
      "provider": "provider[\"registry.terraform.io/hashicorp/azurerm\"]",
      "instances": [
        {
          "schema_version": 0,
          "attributes": {
            "app_service_environment_id": "",
            "id": "/subscriptions/ae903ce3-6221-48e0-a5a2-ddea9fbf6162/resourceGroups/hr-dev/providers/Microsoft.Web/serverfarms/hr-functions-dev",
            "is_xenon": false,
            "kind": "functionapp",
            "location": "japaneast",
            "maximum_elastic_worker_count": 1,
            "maximum_number_of_workers": 0,
            "name": "hr-functions-dev",
            "per_site_scaling": false,
            "reserved": true,
            "resource_group_name": "hr-dev",
            "sku": [
              {
                "capacity": 0,
                "size": "Y1",
                "tier": "Dynamic"
              }
            ],
            "tags": {},
            "timeouts": null
          },
          "sensitive_attributes": [],
          "private": "eyJlMmJmYjczMC1lY2FhLTExZTYtOGY4OC0zNDM2M2JjN2M0YzAiOnsiY3JlYXRlIjozNjAwMDAwMDAwMDAwLCJkZWxldGUiOjM2MDAwMDAwMDAwMDAsInJlYWQiOjMwMDAwMDAwMDAwMCwidXBkYXRlIjozNjAwMDAwMDAwMDAwfX0=",
          "dependencies": [
            "azurerm_resource_group.dev"
          ]
        }
      ]
    },
    {
      "mode": "managed",
      "type": "azurerm_cosmosdb_account",
      "name": "dev",
      "provider": "provider[\"registry.terraform.io/hashicorp/azurerm\"]",
      "instances": [
        {
          "schema_version": 0,
          "attributes": {
            "analytical_storage_enabled": false,
            "capabilities": [],
            "connection_strings": [
              "AccountEndpoint=https://hr-dev.documents.azure.com:443/;AccountKey=FADpLyUffNKTZSz0s5bK9LTr9qYF9j6kh14gNb42HvyBrGziJlzAKeHb9aJqZxWoNTcMFqzabJEl91RFQjjFTw==;",
              "AccountEndpoint=https://hr-dev.documents.azure.com:443/;AccountKey=EiX1GZqC3CZJ7J0v5gukQ4wFK0Vke4HvK22M38sja4LWRzxSfa6WtP9EXQ05lC91CCnOvZP2YcdrkFYwbbJItw==;",
              "AccountEndpoint=https://hr-dev.documents.azure.com:443/;AccountKey=32q33zAONOCEIIqgc0iuGKyDZ7fdWw0P0fmtffXxQWOnIEE8xrItXmQn7i9OzWyY2beosceZWaChCmD9OWRUtg==;",
              "AccountEndpoint=https://hr-dev.documents.azure.com:443/;AccountKey=vpBhM4dXIi32DS883Y89sMCPzXUpA1WZiXSEobeeUQK0cwRw2qZrdFkGHMzDS0SQ1D1OidlzvPMx8aKb9vhdZw==;"
            ],
            "consistency_policy": [
              {
                "consistency_level": "BoundedStaleness",
                "max_interval_in_seconds": 10,
                "max_staleness_prefix": 200
              }
            ],
            "enable_automatic_failover": true,
            "enable_free_tier": false,
            "enable_multiple_write_locations": false,
            "endpoint": "https://hr-dev.documents.azure.com:443/",
            "geo_location": [
              {
                "failover_priority": 0,
                "id": "hr-dev-japaneast",
                "location": "japaneast",
                "prefix": "",
                "zone_redundant": false
              }
            ],
            "id": "/subscriptions/ae903ce3-6221-48e0-a5a2-ddea9fbf6162/resourceGroups/hr-dev/providers/Microsoft.DocumentDB/databaseAccounts/hr-dev",
            "ip_range_filter": "",
            "is_virtual_network_filter_enabled": false,
            "key_vault_key_id": null,
            "kind": "GlobalDocumentDB",
            "location": "japaneast",
            "name": "hr-dev",
            "offer_type": "Standard",
            "primary_key": "FADpLyUffNKTZSz0s5bK9LTr9qYF9j6kh14gNb42HvyBrGziJlzAKeHb9aJqZxWoNTcMFqzabJEl91RFQjjFTw==",
            "primary_master_key": "FADpLyUffNKTZSz0s5bK9LTr9qYF9j6kh14gNb42HvyBrGziJlzAKeHb9aJqZxWoNTcMFqzabJEl91RFQjjFTw==",
            "primary_readonly_key": "32q33zAONOCEIIqgc0iuGKyDZ7fdWw0P0fmtffXxQWOnIEE8xrItXmQn7i9OzWyY2beosceZWaChCmD9OWRUtg==",
            "primary_readonly_master_key": "32q33zAONOCEIIqgc0iuGKyDZ7fdWw0P0fmtffXxQWOnIEE8xrItXmQn7i9OzWyY2beosceZWaChCmD9OWRUtg==",
            "public_network_access_enabled": true,
            "read_endpoints": [
              "https://hr-dev-japaneast.documents.azure.com:443/"
            ],
            "resource_group_name": "hr-dev",
            "secondary_key": "EiX1GZqC3CZJ7J0v5gukQ4wFK0Vke4HvK22M38sja4LWRzxSfa6WtP9EXQ05lC91CCnOvZP2YcdrkFYwbbJItw==",
            "secondary_master_key": "EiX1GZqC3CZJ7J0v5gukQ4wFK0Vke4HvK22M38sja4LWRzxSfa6WtP9EXQ05lC91CCnOvZP2YcdrkFYwbbJItw==",
            "secondary_readonly_key": "vpBhM4dXIi32DS883Y89sMCPzXUpA1WZiXSEobeeUQK0cwRw2qZrdFkGHMzDS0SQ1D1OidlzvPMx8aKb9vhdZw==",
            "secondary_readonly_master_key": "vpBhM4dXIi32DS883Y89sMCPzXUpA1WZiXSEobeeUQK0cwRw2qZrdFkGHMzDS0SQ1D1OidlzvPMx8aKb9vhdZw==",
            "tags": {},
            "timeouts": null,
            "virtual_network_rule": [],
            "write_endpoints": [
              "https://hr-dev-japaneast.documents.azure.com:443/"
            ]
          },
          "sensitive_attributes": [],
          "private": "eyJlMmJmYjczMC1lY2FhLTExZTYtOGY4OC0zNDM2M2JjN2M0YzAiOnsiY3JlYXRlIjoxMDgwMDAwMDAwMDAwMCwiZGVsZXRlIjoxMDgwMDAwMDAwMDAwMCwicmVhZCI6MzAwMDAwMDAwMDAwLCJ1cGRhdGUiOjEwODAwMDAwMDAwMDAwfX0=",
          "dependencies": [
            "azurerm_resource_group.dev"
          ]
        }
      ]
    },
    {
      "mode": "managed",
      "type": "azurerm_cosmosdb_sql_container",
      "name": "container",
      "provider": "provider[\"registry.terraform.io/hashicorp/azurerm\"]",
      "instances": [
        {
          "schema_version": 1,
          "attributes": {
            "account_name": "hr-dev",
            "autoscale_settings": [
              {
                "max_throughput": 4000
              }
            ],
            "database_name": "dev",
            "default_ttl": -1,
            "id": "/subscriptions/ae903ce3-6221-48e0-a5a2-ddea9fbf6162/resourceGroups/hr-dev/providers/Microsoft.DocumentDB/databaseAccounts/hr-dev/sqlDatabases/dev/containers/Data_01",
            "indexing_policy": [
              {
                "composite_index": [],
                "excluded_path": [],
                "included_path": [
                  {
                    "path": "/*"
                  }
                ],
                "indexing_mode": "consistent"
              }
            ],
            "name": "Data_01",
            "partition_key_path": "/_partition",
            "partition_key_version": 1,
            "resource_group_name": "hr-dev",
            "throughput": 100,
            "timeouts": null,
            "unique_key": []
          },
          "sensitive_attributes": [],
          "private": "eyJlMmJmYjczMC1lY2FhLTExZTYtOGY4OC0zNDM2M2JjN2M0YzAiOnsiY3JlYXRlIjoxODAwMDAwMDAwMDAwLCJkZWxldGUiOjE4MDAwMDAwMDAwMDAsInJlYWQiOjMwMDAwMDAwMDAwMCwidXBkYXRlIjoxODAwMDAwMDAwMDAwfSwic2NoZW1hX3ZlcnNpb24iOiIxIn0=",
          "dependencies": [
            "azurerm_cosmosdb_account.dev",
            "azurerm_cosmosdb_sql_database.db"
          ]
        }
      ]
    },
    {
      "mode": "managed",
      "type": "azurerm_cosmosdb_sql_database",
      "name": "db",
      "provider": "provider[\"registry.terraform.io/hashicorp/azurerm\"]",
      "instances": [
        {
          "schema_version": 1,
          "attributes": {
            "account_name": "hr-dev",
            "autoscale_settings": [],
            "id": "/subscriptions/ae903ce3-6221-48e0-a5a2-ddea9fbf6162/resourceGroups/hr-dev/providers/Microsoft.DocumentDB/databaseAccounts/hr-dev/sqlDatabases/dev",
            "name": "dev",
            "resource_group_name": "hr-dev",
            "throughput": 0,
            "timeouts": null
          },
          "sensitive_attributes": [],
          "private": "eyJlMmJmYjczMC1lY2FhLTExZTYtOGY4OC0zNDM2M2JjN2M0YzAiOnsiY3JlYXRlIjoxODAwMDAwMDAwMDAwLCJkZWxldGUiOjE4MDAwMDAwMDAwMDAsInJlYWQiOjMwMDAwMDAwMDAwMCwidXBkYXRlIjoxODAwMDAwMDAwMDAwfSwic2NoZW1hX3ZlcnNpb24iOiIxIn0=",
          "dependencies": [
            "azurerm_cosmosdb_account.dev",
            "azurerm_resource_group.dev"
          ]
        }
      ]
    },
    {
      "mode": "managed",
      "type": "azurerm_function_app",
      "name": "dev",
      "provider": "provider[\"registry.terraform.io/hashicorp/azurerm\"]",
      "instances": [
        {
          "schema_version": 0,
          "attributes": {
            "app_service_plan_id": "/subscriptions/ae903ce3-6221-48e0-a5a2-ddea9fbf6162/resourceGroups/hr-dev/providers/Microsoft.Web/serverfarms/hr-functions-dev",
            "app_settings": {},
            "auth_settings": [
              {
                "active_directory": [],
                "additional_login_params": {},
                "allowed_external_redirect_urls": [],
                "default_provider": "",
                "enabled": false,
                "facebook": [],
                "google": [],
                "issuer": "",
                "microsoft": [],
                "runtime_version": "",
                "token_refresh_extension_hours": 0,
                "token_store_enabled": false,
                "twitter": [],
                "unauthenticated_client_action": ""
              }
            ],
            "client_affinity_enabled": false,
            "connection_string": [],
            "custom_domain_verification_id": "3BA9D68D5EF92A491A274C5787D1558FDFEAD120DE8939183791A71E927E6B47",
            "daily_memory_time_quota": 0,
            "default_hostname": "hr-api-dev.azurewebsites.net",
            "enable_builtin_logging": true,
            "enabled": true,
            "https_only": false,
            "id": "/subscriptions/ae903ce3-6221-48e0-a5a2-ddea9fbf6162/resourceGroups/hr-dev/providers/Microsoft.Web/sites/hr-api-dev",
            "identity": [],
            "kind": "functionapp,linux",
            "location": "japaneast",
            "name": "hr-api-dev",
            "os_type": "linux",
            "outbound_ip_addresses": "40.79.195.0,13.78.114.158,40.115.166.91,52.185.171.44,20.37.98.11",
            "possible_outbound_ip_addresses": "40.79.195.0,13.78.114.158,40.115.166.91,52.185.171.44,20.37.98.11,13.78.117.54,13.78.116.92,13.78.119.6,13.78.117.38,13.78.116.142",
            "resource_group_name": "hr-dev",
            "site_config": [
              {
                "always_on": false,
                "auto_swap_slot_name": "",
                "cors": [],
                "ftps_state": "AllAllowed",
                "health_check_path": "",
                "http2_enabled": false,
                "ip_restriction": [],
                "linux_fx_version": "",
                "min_tls_version": "1.2",
                "pre_warmed_instance_count": 0,
                "scm_ip_restriction": [],
                "scm_type": "None",
                "scm_use_main_ip_restriction": false,
                "use_32_bit_worker_process": false,
                "websockets_enabled": false
              }
            ],
            "site_credential": [
              {
                "password": "ByKzEQvCjbYNLMuL3tw9DlDbv44KhiFrAwrTMZb3eipte4w3YclXvRdtFdGe",
                "username": "$hr-api-dev"
              }
            ],
            "source_control": [
              {
                "branch": "master",
                "manual_integration": false,
                "repo_url": "",
                "rollback_enabled": false,
                "use_mercurial": false
              }
            ],
            "storage_account_access_key": "3vVSujH3xt+Hazl9SfXYn8g6JlBOfaij2Y/d80KB1D58KXBJ+VB+g3OJm7NPveT6mcPbMSBMuC2W+ASt+4RL8w==",
            "storage_account_name": "hrfunctionsdev",
            "storage_connection_string": "DefaultEndpointsProtocol=https;AccountName=hrfunctionsdev;AccountKey=3vVSujH3xt+Hazl9SfXYn8g6JlBOfaij2Y/d80KB1D58KXBJ+VB+g3OJm7NPveT6mcPbMSBMuC2W+ASt+4RL8w==;EndpointSuffix=core.windows.net",
            "tags": {},
            "timeouts": null,
            "version": "~3"
          },
          "sensitive_attributes": [
            [
              {
                "type": "get_attr",
                "value": "storage_account_access_key"
              }
            ]
          ],
          "private": "eyJlMmJmYjczMC1lY2FhLTExZTYtOGY4OC0zNDM2M2JjN2M0YzAiOnsiY3JlYXRlIjoxODAwMDAwMDAwMDAwLCJkZWxldGUiOjE4MDAwMDAwMDAwMDAsInJlYWQiOjMwMDAwMDAwMDAwMCwidXBkYXRlIjoxODAwMDAwMDAwMDAwfX0=",
          "dependencies": [
            "azurerm_app_service_plan.dev",
            "azurerm_resource_group.dev",
            "azurerm_storage_account.dev"
          ]
        }
      ]
    },
    {
      "mode": "managed",
      "type": "azurerm_resource_group",
      "name": "dev",
      "provider": "provider[\"registry.terraform.io/hashicorp/azurerm\"]",
      "instances": [
        {
          "schema_version": 0,
          "attributes": {
            "id": "/subscriptions/ae903ce3-6221-48e0-a5a2-ddea9fbf6162/resourceGroups/hr-dev",
            "location": "japaneast",
            "name": "hr-dev",
            "tags": {},
            "timeouts": null
          },
          "sensitive_attributes": [],
          "private": "eyJlMmJmYjczMC1lY2FhLTExZTYtOGY4OC0zNDM2M2JjN2M0YzAiOnsiY3JlYXRlIjo1NDAwMDAwMDAwMDAwLCJkZWxldGUiOjU0MDAwMDAwMDAwMDAsInJlYWQiOjMwMDAwMDAwMDAwMCwidXBkYXRlIjo1NDAwMDAwMDAwMDAwfX0="
        }
      ]
    },
    {
      "mode": "managed",
      "type": "azurerm_storage_account",
      "name": "dev",
      "provider": "provider[\"registry.terraform.io/hashicorp/azurerm\"]",
      "instances": [
        {
          "schema_version": 2,
          "attributes": {
            "access_tier": "Hot",
            "account_kind": "StorageV2",
            "account_replication_type": "LRS",
            "account_tier": "Standard",
            "allow_blob_public_access": false,
            "blob_properties": [],
            "custom_domain": [],
            "enable_https_traffic_only": true,
            "id": "/subscriptions/ae903ce3-6221-48e0-a5a2-ddea9fbf6162/resourceGroups/hr-dev/providers/Microsoft.Storage/storageAccounts/hrfunctionsdev",
            "identity": [],
            "is_hns_enabled": false,
            "large_file_share_enabled": null,
            "location": "japaneast",
            "min_tls_version": "TLS1_0",
            "name": "hrfunctionsdev",
            "network_rules": [
              {
                "bypass": [
                  "AzureServices"
                ],
                "default_action": "Allow",
                "ip_rules": [],
                "virtual_network_subnet_ids": []
              }
            ],
            "primary_access_key": "3vVSujH3xt+Hazl9SfXYn8g6JlBOfaij2Y/d80KB1D58KXBJ+VB+g3OJm7NPveT6mcPbMSBMuC2W+ASt+4RL8w==",
            "primary_blob_connection_string": "DefaultEndpointsProtocol=https;BlobEndpoint=https://hrfunctionsdev.blob.core.windows.net/;AccountName=hrfunctionsdev;AccountKey=3vVSujH3xt+Hazl9SfXYn8g6JlBOfaij2Y/d80KB1D58KXBJ+VB+g3OJm7NPveT6mcPbMSBMuC2W+ASt+4RL8w==",
            "primary_blob_endpoint": "https://hrfunctionsdev.blob.core.windows.net/",
            "primary_blob_host": "hrfunctionsdev.blob.core.windows.net",
            "primary_connection_string": "DefaultEndpointsProtocol=https;AccountName=hrfunctionsdev;AccountKey=3vVSujH3xt+Hazl9SfXYn8g6JlBOfaij2Y/d80KB1D58KXBJ+VB+g3OJm7NPveT6mcPbMSBMuC2W+ASt+4RL8w==;EndpointSuffix=core.windows.net",
            "primary_dfs_endpoint": "https://hrfunctionsdev.dfs.core.windows.net/",
            "primary_dfs_host": "hrfunctionsdev.dfs.core.windows.net",
            "primary_file_endpoint": "https://hrfunctionsdev.file.core.windows.net/",
            "primary_file_host": "hrfunctionsdev.file.core.windows.net",
            "primary_location": "japaneast",
            "primary_queue_endpoint": "https://hrfunctionsdev.queue.core.windows.net/",
            "primary_queue_host": "hrfunctionsdev.queue.core.windows.net",
            "primary_table_endpoint": "https://hrfunctionsdev.table.core.windows.net/",
            "primary_table_host": "hrfunctionsdev.table.core.windows.net",
            "primary_web_endpoint": "https://hrfunctionsdev.z11.web.core.windows.net/",
            "primary_web_host": "hrfunctionsdev.z11.web.core.windows.net",
            "queue_properties": [
              {
                "cors_rule": [],
                "hour_metrics": [
                  {
                    "enabled": true,
                    "include_apis": true,
                    "retention_policy_days": 7,
                    "version": "1.0"
                  }
                ],
                "logging": [
                  {
                    "delete": false,
                    "read": false,
                    "retention_policy_days": 0,
                    "version": "1.0",
                    "write": false
                  }
                ],
                "minute_metrics": [
                  {
                    "enabled": false,
                    "include_apis": false,
                    "retention_policy_days": 0,
                    "version": "1.0"
                  }
                ]
              }
            ],
            "resource_group_name": "hr-dev",
            "secondary_access_key": "3CkAGyuiw4hg2I2pg7xLEXrGU/rNpB9yY6X61zx80Cl7ybxPgs4lSMfhCZmab2MJKSAG94LJoR+r+AStglYU2A==",
            "secondary_blob_connection_string": "",
            "secondary_blob_endpoint": null,
            "secondary_blob_host": null,
            "secondary_connection_string": "DefaultEndpointsProtocol=https;AccountName=hrfunctionsdev;AccountKey=3CkAGyuiw4hg2I2pg7xLEXrGU/rNpB9yY6X61zx80Cl7ybxPgs4lSMfhCZmab2MJKSAG94LJoR+r+AStglYU2A==;EndpointSuffix=core.windows.net",
            "secondary_dfs_endpoint": null,
            "secondary_dfs_host": null,
            "secondary_file_endpoint": null,
            "secondary_file_host": null,
            "secondary_location": "",
            "secondary_queue_endpoint": null,
            "secondary_queue_host": null,
            "secondary_table_endpoint": null,
            "secondary_table_host": null,
            "secondary_web_endpoint": null,
            "secondary_web_host": null,
            "static_website": [],
            "tags": {},
            "timeouts": null
          },
          "sensitive_attributes": [],
          "private": "eyJlMmJmYjczMC1lY2FhLTExZTYtOGY4OC0zNDM2M2JjN2M0YzAiOnsiY3JlYXRlIjozNjAwMDAwMDAwMDAwLCJkZWxldGUiOjM2MDAwMDAwMDAwMDAsInJlYWQiOjMwMDAwMDAwMDAwMCwidXBkYXRlIjozNjAwMDAwMDAwMDAwfSwic2NoZW1hX3ZlcnNpb24iOiIyIn0=",
          "dependencies": [
            "azurerm_resource_group.dev"
          ]
        }
      ]
    }
  ]
}
